
Microsoft Visual Studio Solution File, Format Version 12.00
# Visual Studio Version 16
VisualStudioVersion = 16.0.30804.86
MinimumVisualStudioVersion = 10.0.40219.1
Project("{FAE04EC0-301F-11D3-BF4B-00C04F79EFBC}") = "С_Sharp_DZ_5", "С_Sharp_DZ_5.csproj", "{20962B9A-0C67-4D17-9058-FEC6DE423EBB}"
EndProject
Global
	GlobalSection(SolutionConfigurationPlatforms) = preSolution
		Debug|Any CPU = Debug|Any CPU
		Release|Any CPU = Release|Any CPU
	EndGlobalSection
	GlobalSection(ProjectConfigurationPlatforms) = postSolution
		{20962B9A-0C67-4D17-9058-FEC6DE423EBB}.Debug|Any CPU.ActiveCfg = Debug|Any CPU
		{20962B9A-0C67-4D17-9058-FEC6DE423EBB}.Debug|Any CPU.Build.0 = Debug|Any CPU
		{20962B9A-0C67-4D17-9058-FEC6DE423EBB}.Release|Any CPU.ActiveCfg = Release|Any CPU
		{20962B9A-0C67-4D17-9058-FEC6DE423EBB}.Release|Any CPU.Build.0 = Release|Any CPU
	EndGlobalSection
	GlobalSection(SolutionProperties) = preSolution
		HideSolutionNode = FALSE
	EndGlobalSection
	GlobalSection(ExtensibilityGlobals) = postSolution
		SolutionGuid = {B47A9BCF-266B-4663-8551-FE54D8B73358}
	EndGlobalSection
EndGlobal
